{
  "name": "25DaysOfServerless",
  "version": "1.0.0",
  "lockfileVersion": 1,
  "requires": true,
  "dependencies": {
    "messagebird": {
      "version": "3.3.0",
      "resolved": "https://registry.npmjs.org/messagebird/-/messagebird-3.3.0.tgz",
      "integrity": "sha512-zkv287Wb9bSJ9SlwtQEuoLYDyAlahjmNMXd5hLyBqY6AISBOeCjLZLydnByDqLbrB6mu/ClvasyEVsRdCxjNCw==",
      "requires": {
        "safe-buffer": "^5.1.2",
        "scmp": "^2.0.0"
      }
    },
    "safe-buffer": {
      "version": "5.2.0",
      "resolved": "https://registry.npmjs.org/safe-buffer/-/safe-buffer-5.2.0.tgz",
      "integrity": "sha512-fZEwUGbVl7kouZs1jCdMLdt95hdIv0ZeHg6L7qPeciMZhZ+/gdesW4wgTARkrFWEpspjEATAzUGPG8N2jJiwbg=="
    },
    "scmp": {
      "version": "2.0.0",
      "resolved": "https://registry.npmjs.org/scmp/-/scmp-2.0.0.tgz",
      "integrity": "sha1-JHEQ7yLM+JexOj8KvdtSeCOTzWo="
    }
  }
}
